
Microsoft Visual Studio Solution File, Format Version 12.00
# Visual Studio Version 16
VisualStudioVersion = 16.0.31911.196
MinimumVisualStudioVersion = 10.0.40219.1
Project("{FAE04EC0-301F-11D3-BF4B-00C04F79EFBC}") = "giu-job-portal-website", "giu-job-portal-website.csproj", "{35819211-43E9-4615-A16B-11D2EFE61837}"
EndProject
Global
	GlobalSection(SolutionConfigurationPlatforms) = preSolution
		Debug|Any CPU = Debug|Any CPU
		Release|Any CPU = Release|Any CPU
	EndGlobalSection
	GlobalSection(ProjectConfigurationPlatforms) = postSolution
		{35819211-43E9-4615-A16B-11D2EFE61837}.Debug|Any CPU.ActiveCfg = Debug|Any CPU
		{35819211-43E9-4615-A16B-11D2EFE61837}.Debug|Any CPU.Build.0 = Debug|Any CPU
		{35819211-43E9-4615-A16B-11D2EFE61837}.Release|Any CPU.ActiveCfg = Release|Any CPU
		{35819211-43E9-4615-A16B-11D2EFE61837}.Release|Any CPU.Build.0 = Release|Any CPU
	EndGlobalSection
	GlobalSection(SolutionProperties) = preSolution
		HideSolutionNode = FALSE
	EndGlobalSection
	GlobalSection(ExtensibilityGlobals) = postSolution
		SolutionGuid = {DF3770EA-FB94-4910-B254-09DED9345C16}
	EndGlobalSection
EndGlobal
